// !$*UTF8*$!
{
	archiveVersion = 1;
	classes = {
	};
	objectVersion = 50;
	objects = {

/* Begin PBXBuildFile section */
		AF973E8A2328F17600973246 /* Coordinator.swift in Sources */ = {isa = PBXBuildFile; fileRef = AF973E892328F17600973246 /* Coordinator.swift */; };
		AF973E8C2328F19D00973246 /* ApplicationCoordinator.swift in Sources */ = {isa = PBXBuildFile; fileRef = AF973E8B2328F19D00973246 /* ApplicationCoordinator.swift */; };
		AF973E8E2328F29F00973246 /* FollowerListCoordinator.swift in Sources */ = {isa = PBXBuildFile; fileRef = AF973E8D2328F29F00973246 /* FollowerListCoordinator.swift */; };
		AF973E932328FE4000973246 /* FollowerListViewModel.swift in Sources */ = {isa = PBXBuildFile; fileRef = AF973E922328FE4000973246 /* FollowerListViewModel.swift */; };
		AF973E982329050000973246 /* User.swift in Sources */ = {isa = PBXBuildFile; fileRef = AF973E972329050000973246 /* User.swift */; };
		AFE1E9DE2328EC69004913FD /* AppDelegate.swift in Sources */ = {isa = PBXBuildFile; fileRef = AFE1E9DD2328EC69004913FD /* AppDelegate.swift */; };
		AFE1E9E52328EC6A004913FD /* Assets.xcassets in Resources */ = {isa = PBXBuildFile; fileRef = AFE1E9E42328EC6A004913FD /* Assets.xcassets */; };
		AFE1E9E82328EC6A004913FD /* LaunchScreen.storyboard in Resources */ = {isa = PBXBuildFile; fileRef = AFE1E9E62328EC6A004913FD /* LaunchScreen.storyboard */; };
		AFE1E9F02328EE35004913FD /* FollowersListViewController.swift in Sources */ = {isa = PBXBuildFile; fileRef = AFE1E9EF2328EE35004913FD /* FollowersListViewController.swift */; };
/* End PBXBuildFile section */

/* Begin PBXFileReference section */
		AF973E892328F17600973246 /* Coordinator.swift */ = {isa = PBXFileReference; lastKnownFileType = sourcecode.swift; path = Coordinator.swift; sourceTree = "<group>"; };
		AF973E8B2328F19D00973246 /* ApplicationCoordinator.swift */ = {isa = PBXFileReference; lastKnownFileType = sourcecode.swift; path = ApplicationCoordinator.swift; sourceTree = "<group>"; };
		AF973E8D2328F29F00973246 /* FollowerListCoordinator.swift */ = {isa = PBXFileReference; lastKnownFileType = sourcecode.swift; path = FollowerListCoordinator.swift; sourceTree = "<group>"; };
		AF973E922328FE4000973246 /* FollowerListViewModel.swift */ = {isa = PBXFileReference; lastKnownFileType = sourcecode.swift; path = FollowerListViewModel.swift; sourceTree = "<group>"; };
		AF973E972329050000973246 /* User.swift */ = {isa = PBXFileReference; lastKnownFileType = sourcecode.swift; path = User.swift; sourceTree = "<group>"; };
		AFE1E9DA2328EC69004913FD /* GitHubDM.app */ = {isa = PBXFileReference; explicitFileType = wrapper.application; includeInIndex = 0; path = GitHubDM.app; sourceTree = BUILT_PRODUCTS_DIR; };
		AFE1E9DD2328EC69004913FD /* AppDelegate.swift */ = {isa = PBXFileReference; lastKnownFileType = sourcecode.swift; path = AppDelegate.swift; sourceTree = "<group>"; };
		AFE1E9E42328EC6A004913FD /* Assets.xcassets */ = {isa = PBXFileReference; lastKnownFileType = folder.assetcatalog; path = Assets.xcassets; sourceTree = "<group>"; };
		AFE1E9E72328EC6A004913FD /* Base */ = {isa = PBXFileReference; lastKnownFileType = file.storyboard; name = Base; path = Base.lproj/LaunchScreen.storyboard; sourceTree = "<group>"; };
		AFE1E9E92328EC6A004913FD /* Info.plist */ = {isa = PBXFileReference; lastKnownFileType = text.plist.xml; path = Info.plist; sourceTree = "<group>"; };
		AFE1E9EF2328EE35004913FD /* FollowersListViewController.swift */ = {isa = PBXFileReference; lastKnownFileType = sourcecode.swift; path = FollowersListViewController.swift; sourceTree = "<group>"; };
/* End PBXFileReference section */

/* Begin PBXFrameworksBuildPhase section */
		AFE1E9D72328EC69004913FD /* Frameworks */ = {
			isa = PBXFrameworksBuildPhase;
			buildActionMask = 2147483647;
			files = (
			);
			runOnlyForDeploymentPostprocessing = 0;
		};
/* End PBXFrameworksBuildPhase section */

/* Begin PBXGroup section */
		AF973E8F2328F2CD00973246 /* Coordinator */ = {
			isa = PBXGroup;
			children = (
				AF973E892328F17600973246 /* Coordinator.swift */,
				AF973E8B2328F19D00973246 /* ApplicationCoordinator.swift */,
				AF973E8D2328F29F00973246 /* FollowerListCoordinator.swift */,
			);
			path = Coordinator;
			sourceTree = "<group>";
		};
		AF973E902328FDA100973246 /* FollowerList */ = {
			isa = PBXGroup;
			children = (
				AFE1E9F12328EE9D004913FD /* View */,
				AF973E942328FEF800973246 /* ViewModel */,
			);
			path = FollowerList;
			sourceTree = "<group>";
		};
		AF973E912328FDB000973246 /* Screens */ = {
			isa = PBXGroup;
			children = (
				AF973E902328FDA100973246 /* FollowerList */,
			);
			path = Screens;
			sourceTree = "<group>";
		};
		AF973E942328FEF800973246 /* ViewModel */ = {
			isa = PBXGroup;
			children = (
				AF973E922328FE4000973246 /* FollowerListViewModel.swift */,
			);
			path = ViewModel;
			sourceTree = "<group>";
		};
		AF973E992329061600973246 /* Model */ = {
			isa = PBXGroup;
			children = (
				AF973E972329050000973246 /* User.swift */,
			);
			path = Model;
			sourceTree = "<group>";
		};
		AFE1E9D12328EC69004913FD = {
			isa = PBXGroup;
			children = (
				AFE1E9DC2328EC69004913FD /* GitHubDM */,
				AFE1E9DB2328EC69004913FD /* Products */,
			);
			sourceTree = "<group>";
		};
		AFE1E9DB2328EC69004913FD /* Products */ = {
			isa = PBXGroup;
			children = (
				AFE1E9DA2328EC69004913FD /* GitHubDM.app */,
			);
			name = Products;
			sourceTree = "<group>";
		};
		AFE1E9DC2328EC69004913FD /* GitHubDM */ = {
			isa = PBXGroup;
			children = (
				AFE1E9DD2328EC69004913FD /* AppDelegate.swift */,
				AF973E8F2328F2CD00973246 /* Coordinator */,
				AF973E992329061600973246 /* Model */,
				AF973E912328FDB000973246 /* Screens */,
				AFE1E9F22328EEBF004913FD /* Resources */,
			);
			path = GitHubDM;
			sourceTree = "<group>";
		};
		AFE1E9F12328EE9D004913FD /* View */ = {
			isa = PBXGroup;
			children = (
				AFE1E9EF2328EE35004913FD /* FollowersListViewController.swift */,
			);
			path = View;
			sourceTree = "<group>";
		};
		AFE1E9F22328EEBF004913FD /* Resources */ = {
			isa = PBXGroup;
			children = (
				AFE1E9E42328EC6A004913FD /* Assets.xcassets */,
				AFE1E9E62328EC6A004913FD /* LaunchScreen.storyboard */,
				AFE1E9E92328EC6A004913FD /* Info.plist */,
			);
			path = Resources;
			sourceTree = "<group>";
		};
/* End PBXGroup section */

/* Begin PBXNativeTarget section */
		AFE1E9D92328EC69004913FD /* GitHubDM */ = {
			isa = PBXNativeTarget;
			buildConfigurationList = AFE1E9EC2328EC6A004913FD /* Build configuration list for PBXNativeTarget "GitHubDM" */;
			buildPhases = (
				AFE1E9D62328EC69004913FD /* Sources */,
				AFE1E9D72328EC69004913FD /* Frameworks */,
				AFE1E9D82328EC69004913FD /* Resources */,
			);
			buildRules = (
			);
			dependencies = (
			);
			name = GitHubDM;
			productName = GitHubDM;
			productReference = AFE1E9DA2328EC69004913FD /* GitHubDM.app */;
			productType = "com.apple.product-type.application";
		};
/* End PBXNativeTarget section */

/* Begin PBXProject section */
		AFE1E9D22328EC69004913FD /* Project object */ = {
			isa = PBXProject;
			attributes = {
				LastSwiftUpdateCheck = 1030;
				LastUpgradeCheck = 1030;
				ORGANIZATIONNAME = "Mufakkharul Islam Nayem";
				TargetAttributes = {
					AFE1E9D92328EC69004913FD = {
						CreatedOnToolsVersion = 10.3;
					};
				};
			};
			buildConfigurationList = AFE1E9D52328EC69004913FD /* Build configuration list for PBXProject "GitHubDM" */;
			compatibilityVersion = "Xcode 9.3";
			developmentRegion = en;
			hasScannedForEncodings = 0;
			knownRegions = (
				en,
				Base,
			);
			mainGroup = AFE1E9D12328EC69004913FD;
			productRefGroup = AFE1E9DB2328EC69004913FD /* Products */;
			projectDirPath = "";
			projectRoot = "";
			targets = (
				AFE1E9D92328EC69004913FD /* GitHubDM */,
			);
		};
/* End PBXProject section */

/* Begin PBXResourcesBuildPhase section */
		AFE1E9D82328EC69004913FD /* Resources */ = {
			isa = PBXResourcesBuildPhase;
			buildActionMask = 2147483647;
			files = (
				AFE1E9E82328EC6A004913FD /* LaunchScreen.storyboard in Resources */,
				AFE1E9E52328EC6A004913FD /* Assets.xcassets in Resources */,
			);
			runOnlyForDeploymentPostprocessing = 0;
		};
/* End PBXResourcesBuildPhase section */

/* Begin PBXSourcesBuildPhase section */
		AFE1E9D62328EC69004913FD /* Sources */ = {
			isa = PBXSourcesBuildPhase;
			buildActionMask = 2147483647;
			files = (
				AFE1E9F02328EE35004913FD /* FollowersListViewController.swift in Sources */,
				AFE1E9DE2328EC69004913FD /* AppDelegate.swift in Sources */,
				AF973E932328FE4000973246 /* FollowerListViewModel.swift in Sources */,
				AF973E8A2328F17600973246 /* Coordinator.swift in Sources */,
				AF973E8C2328F19D00973246 /* ApplicationCoordinator.swift in Sources */,
				AF973E8E2328F29F00973246 /* FollowerListCoordinator.swift in Sources */,
				AF973E982329050000973246 /* User.swift in Sources */,
			);
			runOnlyForDeploymentPostprocessing = 0;
		};
/* End PBXSourcesBuildPhase section */

/* Begin PBXVariantGroup section */
		AFE1E9E62328EC6A004913FD /* LaunchScreen.storyboard */ = {
			isa = PBXVariantGroup;
			children = (
				AFE1E9E72328EC6A004913FD /* Base */,
			);
			name = LaunchScreen.storyboard;
			sourceTree = "<group>";
		};
/* End PBXVariantGroup section */

/* Begin XCBuildConfiguration section */
		AFE1E9EA2328EC6A004913FD /* Debug */ = {
			isa = XCBuildConfiguration;
			buildSettings = {
				ALWAYS_SEARCH_USER_PATHS = NO;
				CLANG_ANALYZER_NONNULL = YES;
				CLANG_ANALYZER_NUMBER_OBJECT_CONVERSION = YES_AGGRESSIVE;
				CLANG_CXX_LANGUAGE_STANDARD = "gnu++14";
				CLANG_CXX_LIBRARY = "libc++";
				CLANG_ENABLE_MODULES = YES;
				CLANG_ENABLE_OBJC_ARC = YES;
				CLANG_ENABLE_OBJC_WEAK = YES;
				CLANG_WARN_BLOCK_CAPTURE_AUTORELEASING = YES;
				CLANG_WARN_BOOL_CONVERSION = YES;
				CLANG_WARN_COMMA = YES;
				CLANG_WARN_CONSTANT_CONVERSION = YES;
				CLANG_WARN_DEPRECATED_OBJC_IMPLEMENTATIONS = YES;
				CLANG_WARN_DIRECT_OBJC_ISA_USAGE = YES_ERROR;
				CLANG_WARN_DOCUMENTATION_COMMENTS = YES;
				CLANG_WARN_EMPTY_BODY = YES;
				CLANG_WARN_ENUM_CONVERSION = YES;
				CLANG_WARN_INFINITE_RECURSION = YES;
				CLANG_WARN_INT_CONVERSION = YES;
				CLANG_WARN_NON_LITERAL_NULL_CONVERSION = YES;
				CLANG_WARN_OBJC_IMPLICIT_RETAIN_SELF = YES;
				CLANG_WARN_OBJC_LITERAL_CONVERSION = YES;
				CLANG_WARN_OBJC_ROOT_CLASS = YES_ERROR;
				CLANG_WARN_RANGE_LOOP_ANALYSIS = YES;
				CLANG_WARN_STRICT_PROTOTYPES = YES;
				CLANG_WARN_SUSPICIOUS_MOVE = YES;
				CLANG_WARN_UNGUARDED_AVAILABILITY = YES_AGGRESSIVE;
				CLANG_WARN_UNREACHABLE_CODE = YES;
				CLANG_WARN__DUPLICATE_METHOD_MATCH = YES;
				CODE_SIGN_IDENTITY = "iPhone Developer";
				COPY_PHASE_STRIP = NO;
				DEBUG_INFORMATION_FORMAT = dwarf;
				ENABLE_STRICT_OBJC_MSGSEND = YES;
				ENABLE_TESTABILITY = YES;
				GCC_C_LANGUAGE_STANDARD = gnu11;
				GCC_DYNAMIC_NO_PIC = NO;
				GCC_NO_COMMON_BLOCKS = YES;
				GCC_OPTIMIZATION_LEVEL = 0;
				GCC_PREPROCESSOR_DEFINITIONS = (
					"DEBUG=1",
					"$(inherited)",
				);
				GCC_WARN_64_TO_32_BIT_CONVERSION = YES;
				GCC_WARN_ABOUT_RETURN_TYPE = YES_ERROR;
				GCC_WARN_UNDECLARED_SELECTOR = YES;
				GCC_WARN_UNINITIALIZED_AUTOS = YES_AGGRESSIVE;
				GCC_WARN_UNUSED_FUNCTION = YES;
				GCC_WARN_UNUSED_VARIABLE = YES;
				IPHONEOS_DEPLOYMENT_TARGET = 12.4;
				MTL_ENABLE_DEBUG_INFO = INCLUDE_SOURCE;
				MTL_FAST_MATH = YES;
				ONLY_ACTIVE_ARCH = YES;
				SDKROOT = iphoneos;
				SWIFT_ACTIVE_COMPILATION_CONDITIONS = DEBUG;
				SWIFT_OPTIMIZATION_LEVEL = "-Onone";
			};
			name = Debug;
		};
		AFE1E9EB2328EC6A004913FD /* Release */ = {
			isa = XCBuildConfiguration;
			buildSettings = {
				ALWAYS_SEARCH_USER_PATHS = NO;
				CLANG_ANALYZER_NONNULL = YES;
				CLANG_ANALYZER_NUMBER_OBJECT_CONVERSION = YES_AGGRESSIVE;
				CLANG_CXX_LANGUAGE_STANDARD = "gnu++14";
				CLANG_CXX_LIBRARY = "libc++";
				CLANG_ENABLE_MODULES = YES;
				CLANG_ENABLE_OBJC_ARC = YES;
				CLANG_ENABLE_OBJC_WEAK = YES;
				CLANG_WARN_BLOCK_CAPTURE_AUTORELEASING = YES;
				CLANG_WARN_BOOL_CONVERSION = YES;
				CLANG_WARN_COMMA = YES;
				CLANG_WARN_CONSTANT_CONVERSION = YES;
				CLANG_WARN_DEPRECATED_OBJC_IMPLEMENTATIONS = YES;
				CLANG_WARN_DIRECT_OBJC_ISA_USAGE = YES_ERROR;
				CLANG_WARN_DOCUMENTATION_COMMENTS = YES;
				CLANG_WARN_EMPTY_BODY = YES;
				CLANG_WARN_ENUM_CONVERSION = YES;
				CLANG_WARN_INFINITE_RECURSION = YES;
				CLANG_WARN_INT_CONVERSION = YES;
				CLANG_WARN_NON_LITERAL_NULL_CONVERSION = YES;
				CLANG_WARN_OBJC_IMPLICIT_RETAIN_SELF = YES;
				CLANG_WARN_OBJC_LITERAL_CONVERSION = YES;
				CLANG_WARN_OBJC_ROOT_CLASS = YES_ERROR;
				CLANG_WARN_RANGE_LOOP_ANALYSIS = YES;
				CLANG_WARN_STRICT_PROTOTYPES = YES;
				CLANG_WARN_SUSPICIOUS_MOVE = YES;
				CLANG_WARN_UNGUARDED_AVAILABILITY = YES_AGGRESSIVE;
				CLANG_WARN_UNREACHABLE_CODE = YES;
				CLANG_WARN__DUPLICATE_METHOD_MATCH = YES;
				CODE_SIGN_IDENTITY = "iPhone Developer";
				COPY_PHASE_STRIP = NO;
				DEBUG_INFORMATION_FORMAT = "dwarf-with-dsym";
				ENABLE_NS_ASSERTIONS = NO;
				ENABLE_STRICT_OBJC_MSGSEND = YES;
				GCC_C_LANGUAGE_STANDARD = gnu11;
				GCC_NO_COMMON_BLOCKS = YES;
				GCC_WARN_64_TO_32_BIT_CONVERSION = YES;
				GCC_WARN_ABOUT_RETURN_TYPE = YES_ERROR;
				GCC_WARN_UNDECLARED_SELECTOR = YES;
				GCC_WARN_UNINITIALIZED_AUTOS = YES_AGGRESSIVE;
				GCC_WARN_UNUSED_FUNCTION = YES;
				GCC_WARN_UNUSED_VARIABLE = YES;
				IPHONEOS_DEPLOYMENT_TARGET = 12.4;
				MTL_ENABLE_DEBUG_INFO = NO;
				MTL_FAST_MATH = YES;
				SDKROOT = iphoneos;
				SWIFT_COMPILATION_MODE = wholemodule;
				SWIFT_OPTIMIZATION_LEVEL = "-O";
				VALIDATE_PRODUCT = YES;
			};
			name = Release;
		};
		AFE1E9ED2328EC6A004913FD /* Debug */ = {
			isa = XCBuildConfiguration;
			buildSettings = {
				ASSETCATALOG_COMPILER_APPICON_NAME = AppIcon;
				CODE_SIGN_STYLE = Automatic;
				DEVELOPMENT_TEAM = P9N6Y48D77;
				INFOPLIST_FILE = "$(SRCROOT)/GitHubDM/Resources/Info.plist";
				LD_RUNPATH_SEARCH_PATHS = (
					"$(inherited)",
					"@executable_path/Frameworks",
				);
				PRODUCT_BUNDLE_IDENTIFIER = com.nayem.GitHubDM;
				PRODUCT_NAME = "$(TARGET_NAME)";
				SWIFT_VERSION = 5.0;
				TARGETED_DEVICE_FAMILY = "1,2";
			};
			name = Debug;
		};
		AFE1E9EE2328EC6A004913FD /* Release */ = {
			isa = XCBuildConfiguration;
			buildSettings = {
				ASSETCATALOG_COMPILER_APPICON_NAME = AppIcon;
				CODE_SIGN_STYLE = Automatic;
				DEVELOPMENT_TEAM = P9N6Y48D77;
				INFOPLIST_FILE = "$(SRCROOT)/GitHubDM/Resources/Info.plist";
				LD_RUNPATH_SEARCH_PATHS = (
					"$(inherited)",
					"@executable_path/Frameworks",
				);
				PRODUCT_BUNDLE_IDENTIFIER = com.nayem.GitHubDM;
				PRODUCT_NAME = "$(TARGET_NAME)";
				SWIFT_VERSION = 5.0;
				TARGETED_DEVICE_FAMILY = "1,2";
			};
			name = Release;
		};
/* End XCBuildConfiguration section */

/* Begin XCConfigurationList section */
		AFE1E9D52328EC69004913FD /* Build configuration list for PBXProject "GitHubDM" */ = {
			isa = XCConfigurationList;
			buildConfigurations = (
				AFE1E9EA2328EC6A004913FD /* Debug */,
				AFE1E9EB2328EC6A004913FD /* Release */,
			);
			defaultConfigurationIsVisible = 0;
			defaultConfigurationName = Release;
		};
		AFE1E9EC2328EC6A004913FD /* Build configuration list for PBXNativeTarget "GitHubDM" */ = {
			isa = XCConfigurationList;
			buildConfigurations = (
				AFE1E9ED2328EC6A004913FD /* Debug */,
				AFE1E9EE2328EC6A004913FD /* Release */,
			);
			defaultConfigurationIsVisible = 0;
			defaultConfigurationName = Release;
		};
/* End XCConfigurationList section */
	};
	rootObject = AFE1E9D22328EC69004913FD /* Project object */;
}
