// !$*UTF8*$!
{
	archiveVersion = 1;
	classes = {
	};
	objectVersion = 50;
	objects = {

/* Begin PBXBuildFile section */
		AF38C89E232B474E005C55D9 /* MessageTableViewCellViewModel.swift in Sources */ = {isa = PBXBuildFile; fileRef = AF38C89D232B474E005C55D9 /* MessageTableViewCellViewModel.swift */; };
		AF38C8A1232B5DA5005C55D9 /* OutgoingMessageTableViewCell.swift in Sources */ = {isa = PBXBuildFile; fileRef = AF38C89F232B5DA5005C55D9 /* OutgoingMessageTableViewCell.swift */; };
		AF38C8A2232B5DA5005C55D9 /* OutgoingMessageTableViewCell.xib in Resources */ = {isa = PBXBuildFile; fileRef = AF38C8A0232B5DA5005C55D9 /* OutgoingMessageTableViewCell.xib */; };
		AF38C8A5232B790B005C55D9 /* IncomingMessageTableViewCell.swift in Sources */ = {isa = PBXBuildFile; fileRef = AF38C8A3232B790B005C55D9 /* IncomingMessageTableViewCell.swift */; };
		AF38C8A6232B790B005C55D9 /* IncomingMessageTableViewCell.xib in Resources */ = {isa = PBXBuildFile; fileRef = AF38C8A4232B790B005C55D9 /* IncomingMessageTableViewCell.xib */; };
		AF38C8A8232B823F005C55D9 /* Message.swift in Sources */ = {isa = PBXBuildFile; fileRef = AF38C8A7232B823F005C55D9 /* Message.swift */; };
		AF38C8AA232BAD94005C55D9 /* UIViewController+NavigationBar.swift in Sources */ = {isa = PBXBuildFile; fileRef = AF38C8A9232BAD94005C55D9 /* UIViewController+NavigationBar.swift */; };
		AF76A489232D603D00190E67 /* UITableView+Scrolling.swift in Sources */ = {isa = PBXBuildFile; fileRef = AF76A488232D603D00190E67 /* UITableView+Scrolling.swift */; };
		AF973E8A2328F17600973246 /* Coordinator.swift in Sources */ = {isa = PBXBuildFile; fileRef = AF973E892328F17600973246 /* Coordinator.swift */; };
		AF973E8C2328F19D00973246 /* ApplicationCoordinator.swift in Sources */ = {isa = PBXBuildFile; fileRef = AF973E8B2328F19D00973246 /* ApplicationCoordinator.swift */; };
		AF973E8E2328F29F00973246 /* FollowerListCoordinator.swift in Sources */ = {isa = PBXBuildFile; fileRef = AF973E8D2328F29F00973246 /* FollowerListCoordinator.swift */; };
		AF973E932328FE4000973246 /* FollowerListViewModel.swift in Sources */ = {isa = PBXBuildFile; fileRef = AF973E922328FE4000973246 /* FollowerListViewModel.swift */; };
		AF973E982329050000973246 /* User.swift in Sources */ = {isa = PBXBuildFile; fileRef = AF973E972329050000973246 /* User.swift */; };
		AF973E9B2329135700973246 /* MessagingViewController.swift in Sources */ = {isa = PBXBuildFile; fileRef = AF973E9A2329135700973246 /* MessagingViewController.swift */; };
		AF973E9F2329144400973246 /* MessagingViewModel.swift in Sources */ = {isa = PBXBuildFile; fileRef = AF973E9E2329144400973246 /* MessagingViewModel.swift */; };
		AF973EA2232915BE00973246 /* MessagingCoordinator.swift in Sources */ = {isa = PBXBuildFile; fileRef = AF973EA1232915BE00973246 /* MessagingCoordinator.swift */; };
		AF97EFA8232E48AE00ECFD48 /* GitHubDM.xcdatamodeld in Sources */ = {isa = PBXBuildFile; fileRef = AF97EFA6232E48AE00ECFD48 /* GitHubDM.xcdatamodeld */; };
		AF97EFAB232E4BA700ECFD48 /* CoreDataManager.swift in Sources */ = {isa = PBXBuildFile; fileRef = AF97EFAA232E4BA600ECFD48 /* CoreDataManager.swift */; };
		AFB32F5F232A035E007C15BF /* Reusable.swift in Sources */ = {isa = PBXBuildFile; fileRef = AFB32F5E232A035E007C15BF /* Reusable.swift */; };
		AFB32F62232A0475007C15BF /* UITableView+Reusable.swift in Sources */ = {isa = PBXBuildFile; fileRef = AFB32F61232A0475007C15BF /* UITableView+Reusable.swift */; };
		AFB32F65232A0568007C15BF /* FollowerTableViewCell.swift in Sources */ = {isa = PBXBuildFile; fileRef = AFB32F63232A0568007C15BF /* FollowerTableViewCell.swift */; };
		AFB32F66232A0568007C15BF /* FollowerTableViewCell.xib in Resources */ = {isa = PBXBuildFile; fileRef = AFB32F64232A0568007C15BF /* FollowerTableViewCell.xib */; };
		AFB32F68232A0613007C15BF /* FollowerTableViewCellViewModel.swift in Sources */ = {isa = PBXBuildFile; fileRef = AFB32F67232A0613007C15BF /* FollowerTableViewCellViewModel.swift */; };
		AFB32F6A232A0C3C007C15BF /* String+Extension.swift in Sources */ = {isa = PBXBuildFile; fileRef = AFB32F69232A0C3C007C15BF /* String+Extension.swift */; };
		AFB32F6C232A1425007C15BF /* UIImageView+Download.swift in Sources */ = {isa = PBXBuildFile; fileRef = AFB32F6B232A1425007C15BF /* UIImageView+Download.swift */; };
		AFB32F6E232A40CF007C15BF /* StoryboardInstantiable.swift in Sources */ = {isa = PBXBuildFile; fileRef = AFB32F6D232A40CF007C15BF /* StoryboardInstantiable.swift */; };
		AFB32F70232A41B4007C15BF /* Messaging.storyboard in Resources */ = {isa = PBXBuildFile; fileRef = AFB32F6F232A41B4007C15BF /* Messaging.storyboard */; };
		AFC01494232A8666008C54A3 /* UITextView+Placeholder.swift in Sources */ = {isa = PBXBuildFile; fileRef = AFC01493232A8666008C54A3 /* UITextView+Placeholder.swift */; };
		AFC01496232AAF55008C54A3 /* UIViewController+KeyboardHandling.swift in Sources */ = {isa = PBXBuildFile; fileRef = AFC01495232AAF55008C54A3 /* UIViewController+KeyboardHandling.swift */; };
		AFE1E9DE2328EC69004913FD /* AppDelegate.swift in Sources */ = {isa = PBXBuildFile; fileRef = AFE1E9DD2328EC69004913FD /* AppDelegate.swift */; };
		AFE1E9E52328EC6A004913FD /* Assets.xcassets in Resources */ = {isa = PBXBuildFile; fileRef = AFE1E9E42328EC6A004913FD /* Assets.xcassets */; };
		AFE1E9E82328EC6A004913FD /* LaunchScreen.storyboard in Resources */ = {isa = PBXBuildFile; fileRef = AFE1E9E62328EC6A004913FD /* LaunchScreen.storyboard */; };
		AFE1E9F02328EE35004913FD /* FollowerListViewController.swift in Sources */ = {isa = PBXBuildFile; fileRef = AFE1E9EF2328EE35004913FD /* FollowerListViewController.swift */; };
		AFE8004D23293ED400341764 /* APIError.swift in Sources */ = {isa = PBXBuildFile; fileRef = AFE8004A23293ED400341764 /* APIError.swift */; };
		AFE8004E23293ED400341764 /* GenericAPIClient.swift in Sources */ = {isa = PBXBuildFile; fileRef = AFE8004B23293ED400341764 /* GenericAPIClient.swift */; };
		AFE8004F23293ED400341764 /* Endpoint.swift in Sources */ = {isa = PBXBuildFile; fileRef = AFE8004C23293ED400341764 /* Endpoint.swift */; };
		AFE800512329421C00341764 /* GitHubClient.swift in Sources */ = {isa = PBXBuildFile; fileRef = AFE800502329421C00341764 /* GitHubClient.swift */; };
		AFED5725232E78080003E930 /* CoreDataError.swift in Sources */ = {isa = PBXBuildFile; fileRef = AFED5724232E78070003E930 /* CoreDataError.swift */; };
		AFED5727232E79060003E930 /* MessageStorage.swift in Sources */ = {isa = PBXBuildFile; fileRef = AFED5726232E79050003E930 /* MessageStorage.swift */; };
/* End PBXBuildFile section */

/* Begin PBXFileReference section */
		AF38C89D232B474E005C55D9 /* MessageTableViewCellViewModel.swift */ = {isa = PBXFileReference; lastKnownFileType = sourcecode.swift; path = MessageTableViewCellViewModel.swift; sourceTree = "<group>"; };
		AF38C89F232B5DA5005C55D9 /* OutgoingMessageTableViewCell.swift */ = {isa = PBXFileReference; lastKnownFileType = sourcecode.swift; path = OutgoingMessageTableViewCell.swift; sourceTree = "<group>"; };
		AF38C8A0232B5DA5005C55D9 /* OutgoingMessageTableViewCell.xib */ = {isa = PBXFileReference; lastKnownFileType = file.xib; path = OutgoingMessageTableViewCell.xib; sourceTree = "<group>"; };
		AF38C8A3232B790B005C55D9 /* IncomingMessageTableViewCell.swift */ = {isa = PBXFileReference; lastKnownFileType = sourcecode.swift; path = IncomingMessageTableViewCell.swift; sourceTree = "<group>"; };
		AF38C8A4232B790B005C55D9 /* IncomingMessageTableViewCell.xib */ = {isa = PBXFileReference; lastKnownFileType = file.xib; path = IncomingMessageTableViewCell.xib; sourceTree = "<group>"; };
		AF38C8A7232B823F005C55D9 /* Message.swift */ = {isa = PBXFileReference; lastKnownFileType = sourcecode.swift; path = Message.swift; sourceTree = "<group>"; };
		AF38C8A9232BAD94005C55D9 /* UIViewController+NavigationBar.swift */ = {isa = PBXFileReference; lastKnownFileType = sourcecode.swift; path = "UIViewController+NavigationBar.swift"; sourceTree = "<group>"; };
		AF76A488232D603D00190E67 /* UITableView+Scrolling.swift */ = {isa = PBXFileReference; lastKnownFileType = sourcecode.swift; path = "UITableView+Scrolling.swift"; sourceTree = "<group>"; };
		AF973E892328F17600973246 /* Coordinator.swift */ = {isa = PBXFileReference; lastKnownFileType = sourcecode.swift; path = Coordinator.swift; sourceTree = "<group>"; };
		AF973E8B2328F19D00973246 /* ApplicationCoordinator.swift */ = {isa = PBXFileReference; lastKnownFileType = sourcecode.swift; path = ApplicationCoordinator.swift; sourceTree = "<group>"; };
		AF973E8D2328F29F00973246 /* FollowerListCoordinator.swift */ = {isa = PBXFileReference; lastKnownFileType = sourcecode.swift; path = FollowerListCoordinator.swift; sourceTree = "<group>"; };
		AF973E922328FE4000973246 /* FollowerListViewModel.swift */ = {isa = PBXFileReference; lastKnownFileType = sourcecode.swift; path = FollowerListViewModel.swift; sourceTree = "<group>"; };
		AF973E972329050000973246 /* User.swift */ = {isa = PBXFileReference; lastKnownFileType = sourcecode.swift; path = User.swift; sourceTree = "<group>"; };
		AF973E9A2329135700973246 /* MessagingViewController.swift */ = {isa = PBXFileReference; lastKnownFileType = sourcecode.swift; path = MessagingViewController.swift; sourceTree = "<group>"; };
		AF973E9E2329144400973246 /* MessagingViewModel.swift */ = {isa = PBXFileReference; lastKnownFileType = sourcecode.swift; path = MessagingViewModel.swift; sourceTree = "<group>"; };
		AF973EA1232915BE00973246 /* MessagingCoordinator.swift */ = {isa = PBXFileReference; lastKnownFileType = sourcecode.swift; path = MessagingCoordinator.swift; sourceTree = "<group>"; };
		AF97EFA7232E48AE00ECFD48 /* GitHubDM.xcdatamodel */ = {isa = PBXFileReference; lastKnownFileType = wrapper.xcdatamodel; path = GitHubDM.xcdatamodel; sourceTree = "<group>"; };
		AF97EFAA232E4BA600ECFD48 /* CoreDataManager.swift */ = {isa = PBXFileReference; lastKnownFileType = sourcecode.swift; path = CoreDataManager.swift; sourceTree = "<group>"; };
		AFB32F5E232A035E007C15BF /* Reusable.swift */ = {isa = PBXFileReference; lastKnownFileType = sourcecode.swift; path = Reusable.swift; sourceTree = "<group>"; };
		AFB32F61232A0475007C15BF /* UITableView+Reusable.swift */ = {isa = PBXFileReference; lastKnownFileType = sourcecode.swift; path = "UITableView+Reusable.swift"; sourceTree = "<group>"; };
		AFB32F63232A0568007C15BF /* FollowerTableViewCell.swift */ = {isa = PBXFileReference; lastKnownFileType = sourcecode.swift; path = FollowerTableViewCell.swift; sourceTree = "<group>"; };
		AFB32F64232A0568007C15BF /* FollowerTableViewCell.xib */ = {isa = PBXFileReference; lastKnownFileType = file.xib; path = FollowerTableViewCell.xib; sourceTree = "<group>"; };
		AFB32F67232A0613007C15BF /* FollowerTableViewCellViewModel.swift */ = {isa = PBXFileReference; lastKnownFileType = sourcecode.swift; path = FollowerTableViewCellViewModel.swift; sourceTree = "<group>"; };
		AFB32F69232A0C3C007C15BF /* String+Extension.swift */ = {isa = PBXFileReference; lastKnownFileType = sourcecode.swift; path = "String+Extension.swift"; sourceTree = "<group>"; };
		AFB32F6B232A1425007C15BF /* UIImageView+Download.swift */ = {isa = PBXFileReference; lastKnownFileType = sourcecode.swift; path = "UIImageView+Download.swift"; sourceTree = "<group>"; };
		AFB32F6D232A40CF007C15BF /* StoryboardInstantiable.swift */ = {isa = PBXFileReference; lastKnownFileType = sourcecode.swift; path = StoryboardInstantiable.swift; sourceTree = "<group>"; };
		AFB32F6F232A41B4007C15BF /* Messaging.storyboard */ = {isa = PBXFileReference; lastKnownFileType = file.storyboard; path = Messaging.storyboard; sourceTree = "<group>"; };
		AFC01493232A8666008C54A3 /* UITextView+Placeholder.swift */ = {isa = PBXFileReference; lastKnownFileType = sourcecode.swift; path = "UITextView+Placeholder.swift"; sourceTree = "<group>"; };
		AFC01495232AAF55008C54A3 /* UIViewController+KeyboardHandling.swift */ = {isa = PBXFileReference; lastKnownFileType = sourcecode.swift; path = "UIViewController+KeyboardHandling.swift"; sourceTree = "<group>"; };
		AFE1E9DA2328EC69004913FD /* GitHubDM.app */ = {isa = PBXFileReference; explicitFileType = wrapper.application; includeInIndex = 0; path = GitHubDM.app; sourceTree = BUILT_PRODUCTS_DIR; };
		AFE1E9DD2328EC69004913FD /* AppDelegate.swift */ = {isa = PBXFileReference; lastKnownFileType = sourcecode.swift; path = AppDelegate.swift; sourceTree = "<group>"; };
		AFE1E9E42328EC6A004913FD /* Assets.xcassets */ = {isa = PBXFileReference; lastKnownFileType = folder.assetcatalog; path = Assets.xcassets; sourceTree = "<group>"; };
		AFE1E9E72328EC6A004913FD /* Base */ = {isa = PBXFileReference; lastKnownFileType = file.storyboard; name = Base; path = Base.lproj/LaunchScreen.storyboard; sourceTree = "<group>"; };
		AFE1E9E92328EC6A004913FD /* Info.plist */ = {isa = PBXFileReference; lastKnownFileType = text.plist.xml; path = Info.plist; sourceTree = "<group>"; };
		AFE1E9EF2328EE35004913FD /* FollowerListViewController.swift */ = {isa = PBXFileReference; lastKnownFileType = sourcecode.swift; path = FollowerListViewController.swift; sourceTree = "<group>"; };
		AFE8004A23293ED400341764 /* APIError.swift */ = {isa = PBXFileReference; fileEncoding = 4; lastKnownFileType = sourcecode.swift; path = APIError.swift; sourceTree = "<group>"; };
		AFE8004B23293ED400341764 /* GenericAPIClient.swift */ = {isa = PBXFileReference; fileEncoding = 4; lastKnownFileType = sourcecode.swift; path = GenericAPIClient.swift; sourceTree = "<group>"; };
		AFE8004C23293ED400341764 /* Endpoint.swift */ = {isa = PBXFileReference; fileEncoding = 4; lastKnownFileType = sourcecode.swift; path = Endpoint.swift; sourceTree = "<group>"; };
		AFE800502329421C00341764 /* GitHubClient.swift */ = {isa = PBXFileReference; lastKnownFileType = sourcecode.swift; path = GitHubClient.swift; sourceTree = "<group>"; };
		AFED5724232E78070003E930 /* CoreDataError.swift */ = {isa = PBXFileReference; fileEncoding = 4; lastKnownFileType = sourcecode.swift; path = CoreDataError.swift; sourceTree = "<group>"; };
		AFED5726232E79050003E930 /* MessageStorage.swift */ = {isa = PBXFileReference; lastKnownFileType = sourcecode.swift; path = MessageStorage.swift; sourceTree = "<group>"; };
/* End PBXFileReference section */

/* Begin PBXFrameworksBuildPhase section */
		AFE1E9D72328EC69004913FD /* Frameworks */ = {
			isa = PBXFrameworksBuildPhase;
			buildActionMask = 2147483647;
			files = (
			);
			runOnlyForDeploymentPostprocessing = 0;
		};
/* End PBXFrameworksBuildPhase section */

/* Begin PBXGroup section */
		AF973E8F2328F2CD00973246 /* Coordinator */ = {
			isa = PBXGroup;
			children = (
				AF973E892328F17600973246 /* Coordinator.swift */,
				AF973E8B2328F19D00973246 /* ApplicationCoordinator.swift */,
				AF973E8D2328F29F00973246 /* FollowerListCoordinator.swift */,
				AF973EA1232915BE00973246 /* MessagingCoordinator.swift */,
			);
			path = Coordinator;
			sourceTree = "<group>";
		};
		AF973E902328FDA100973246 /* FollowerList */ = {
			isa = PBXGroup;
			children = (
				AFE1E9F12328EE9D004913FD /* View */,
				AF973E942328FEF800973246 /* ViewModel */,
			);
			path = FollowerList;
			sourceTree = "<group>";
		};
		AF973E912328FDB000973246 /* Screens */ = {
			isa = PBXGroup;
			children = (
				AF973E902328FDA100973246 /* FollowerList */,
				AF973E9D2329137900973246 /* DirectMessaging */,
			);
			path = Screens;
			sourceTree = "<group>";
		};
		AF973E942328FEF800973246 /* ViewModel */ = {
			isa = PBXGroup;
			children = (
				AF973E922328FE4000973246 /* FollowerListViewModel.swift */,
				AFB32F67232A0613007C15BF /* FollowerTableViewCellViewModel.swift */,
			);
			path = ViewModel;
			sourceTree = "<group>";
		};
		AF973E992329061600973246 /* Model */ = {
			isa = PBXGroup;
			children = (
				AF973E972329050000973246 /* User.swift */,
				AF38C8A7232B823F005C55D9 /* Message.swift */,
			);
			path = Model;
			sourceTree = "<group>";
		};
		AF973E9C2329136A00973246 /* View */ = {
			isa = PBXGroup;
			children = (
				AF973E9A2329135700973246 /* MessagingViewController.swift */,
				AFB32F6F232A41B4007C15BF /* Messaging.storyboard */,
				AF38C89F232B5DA5005C55D9 /* OutgoingMessageTableViewCell.swift */,
				AF38C8A0232B5DA5005C55D9 /* OutgoingMessageTableViewCell.xib */,
				AF38C8A3232B790B005C55D9 /* IncomingMessageTableViewCell.swift */,
				AF38C8A4232B790B005C55D9 /* IncomingMessageTableViewCell.xib */,
			);
			path = View;
			sourceTree = "<group>";
		};
		AF973E9D2329137900973246 /* DirectMessaging */ = {
			isa = PBXGroup;
			children = (
				AF973E9C2329136A00973246 /* View */,
				AF973EA02329147F00973246 /* VIewModel */,
			);
			path = DirectMessaging;
			sourceTree = "<group>";
		};
		AF973EA02329147F00973246 /* VIewModel */ = {
			isa = PBXGroup;
			children = (
				AF973E9E2329144400973246 /* MessagingViewModel.swift */,
				AF38C89D232B474E005C55D9 /* MessageTableViewCellViewModel.swift */,
			);
			path = VIewModel;
			sourceTree = "<group>";
		};
		AF97EFA9232E497200ECFD48 /* Persistence */ = {
			isa = PBXGroup;
			children = (
				AF97EFA6232E48AE00ECFD48 /* GitHubDM.xcdatamodeld */,
				AF97EFAA232E4BA600ECFD48 /* CoreDataManager.swift */,
				AFED5724232E78070003E930 /* CoreDataError.swift */,
				AFED5726232E79050003E930 /* MessageStorage.swift */,
			);
			path = Persistence;
			sourceTree = "<group>";
		};
		AFB32F60232A0458007C15BF /* Protocols+Extensions */ = {
			isa = PBXGroup;
			children = (
				AFB32F5E232A035E007C15BF /* Reusable.swift */,
				AFB32F61232A0475007C15BF /* UITableView+Reusable.swift */,
				AF76A488232D603D00190E67 /* UITableView+Scrolling.swift */,
				AFB32F69232A0C3C007C15BF /* String+Extension.swift */,
				AFB32F6B232A1425007C15BF /* UIImageView+Download.swift */,
				AFB32F6D232A40CF007C15BF /* StoryboardInstantiable.swift */,
				AFC01493232A8666008C54A3 /* UITextView+Placeholder.swift */,
				AFC01495232AAF55008C54A3 /* UIViewController+KeyboardHandling.swift */,
				AF38C8A9232BAD94005C55D9 /* UIViewController+NavigationBar.swift */,
			);
			path = "Protocols+Extensions";
			sourceTree = "<group>";
		};
		AFE1E9D12328EC69004913FD = {
			isa = PBXGroup;
			children = (
				AFE1E9DC2328EC69004913FD /* GitHubDM */,
				AFE1E9DB2328EC69004913FD /* Products */,
			);
			sourceTree = "<group>";
		};
		AFE1E9DB2328EC69004913FD /* Products */ = {
			isa = PBXGroup;
			children = (
				AFE1E9DA2328EC69004913FD /* GitHubDM.app */,
			);
			name = Products;
			sourceTree = "<group>";
		};
		AFE1E9DC2328EC69004913FD /* GitHubDM */ = {
			isa = PBXGroup;
			children = (
				AFE1E9DD2328EC69004913FD /* AppDelegate.swift */,
				AF973E8F2328F2CD00973246 /* Coordinator */,
				AF973E992329061600973246 /* Model */,
				AF973E912328FDB000973246 /* Screens */,
				AFE8004923293ED400341764 /* Networking */,
				AFE800522329422200341764 /* Client */,
				AFE1E9F22328EEBF004913FD /* Resources */,
				AFB32F60232A0458007C15BF /* Protocols+Extensions */,
				AF97EFA9232E497200ECFD48 /* Persistence */,
			);
			path = GitHubDM;
			sourceTree = "<group>";
		};
		AFE1E9F12328EE9D004913FD /* View */ = {
			isa = PBXGroup;
			children = (
				AFE1E9EF2328EE35004913FD /* FollowerListViewController.swift */,
				AFB32F63232A0568007C15BF /* FollowerTableViewCell.swift */,
				AFB32F64232A0568007C15BF /* FollowerTableViewCell.xib */,
			);
			path = View;
			sourceTree = "<group>";
		};
		AFE1E9F22328EEBF004913FD /* Resources */ = {
			isa = PBXGroup;
			children = (
				AFE1E9E42328EC6A004913FD /* Assets.xcassets */,
				AFE1E9E62328EC6A004913FD /* LaunchScreen.storyboard */,
				AFE1E9E92328EC6A004913FD /* Info.plist */,
			);
			path = Resources;
			sourceTree = "<group>";
		};
		AFE8004923293ED400341764 /* Networking */ = {
			isa = PBXGroup;
			children = (
				AFE8004A23293ED400341764 /* APIError.swift */,
				AFE8004B23293ED400341764 /* GenericAPIClient.swift */,
				AFE8004C23293ED400341764 /* Endpoint.swift */,
			);
			path = Networking;
			sourceTree = "<group>";
		};
		AFE800522329422200341764 /* Client */ = {
			isa = PBXGroup;
			children = (
				AFE800502329421C00341764 /* GitHubClient.swift */,
			);
			path = Client;
			sourceTree = "<group>";
		};
/* End PBXGroup section */

/* Begin PBXNativeTarget section */
		AFE1E9D92328EC69004913FD /* GitHubDM */ = {
			isa = PBXNativeTarget;
			buildConfigurationList = AFE1E9EC2328EC6A004913FD /* Build configuration list for PBXNativeTarget "GitHubDM" */;
			buildPhases = (
				AFE1E9D62328EC69004913FD /* Sources */,
				AFE1E9D72328EC69004913FD /* Frameworks */,
				AFE1E9D82328EC69004913FD /* Resources */,
			);
			buildRules = (
			);
			dependencies = (
			);
			name = GitHubDM;
			productName = GitHubDM;
			productReference = AFE1E9DA2328EC69004913FD /* GitHubDM.app */;
			productType = "com.apple.product-type.application";
		};
/* End PBXNativeTarget section */

/* Begin PBXProject section */
		AFE1E9D22328EC69004913FD /* Project object */ = {
			isa = PBXProject;
			attributes = {
				LastSwiftUpdateCheck = 1030;
				LastUpgradeCheck = 1030;
				ORGANIZATIONNAME = "Mufakkharul Islam Nayem";
				TargetAttributes = {
					AFE1E9D92328EC69004913FD = {
						CreatedOnToolsVersion = 10.3;
					};
				};
			};
			buildConfigurationList = AFE1E9D52328EC69004913FD /* Build configuration list for PBXProject "GitHubDM" */;
			compatibilityVersion = "Xcode 9.3";
			developmentRegion = en;
			hasScannedForEncodings = 0;
			knownRegions = (
				en,
				Base,
			);
			mainGroup = AFE1E9D12328EC69004913FD;
			productRefGroup = AFE1E9DB2328EC69004913FD /* Products */;
			projectDirPath = "";
			projectRoot = "";
			targets = (
				AFE1E9D92328EC69004913FD /* GitHubDM */,
			);
		};
/* End PBXProject section */

/* Begin PBXResourcesBuildPhase section */
		AFE1E9D82328EC69004913FD /* Resources */ = {
			isa = PBXResourcesBuildPhase;
			buildActionMask = 2147483647;
			files = (
				AFB32F66232A0568007C15BF /* FollowerTableViewCell.xib in Resources */,
				AFB32F70232A41B4007C15BF /* Messaging.storyboard in Resources */,
				AF38C8A2232B5DA5005C55D9 /* OutgoingMessageTableViewCell.xib in Resources */,
				AFE1E9E82328EC6A004913FD /* LaunchScreen.storyboard in Resources */,
				AF38C8A6232B790B005C55D9 /* IncomingMessageTableViewCell.xib in Resources */,
				AFE1E9E52328EC6A004913FD /* Assets.xcassets in Resources */,
			);
			runOnlyForDeploymentPostprocessing = 0;
		};
/* End PBXResourcesBuildPhase section */

/* Begin PBXSourcesBuildPhase section */
		AFE1E9D62328EC69004913FD /* Sources */ = {
			isa = PBXSourcesBuildPhase;
			buildActionMask = 2147483647;
			files = (
				AFE1E9F02328EE35004913FD /* FollowerListViewController.swift in Sources */,
				AFC01496232AAF55008C54A3 /* UIViewController+KeyboardHandling.swift in Sources */,
				AFE1E9DE2328EC69004913FD /* AppDelegate.swift in Sources */,
				AF973E9F2329144400973246 /* MessagingViewModel.swift in Sources */,
				AFB32F6A232A0C3C007C15BF /* String+Extension.swift in Sources */,
				AFB32F6E232A40CF007C15BF /* StoryboardInstantiable.swift in Sources */,
				AF38C8A1232B5DA5005C55D9 /* OutgoingMessageTableViewCell.swift in Sources */,
				AF38C8A5232B790B005C55D9 /* IncomingMessageTableViewCell.swift in Sources */,
				AFE800512329421C00341764 /* GitHubClient.swift in Sources */,
				AFB32F62232A0475007C15BF /* UITableView+Reusable.swift in Sources */,
				AFE8004F23293ED400341764 /* Endpoint.swift in Sources */,
				AF97EFAB232E4BA700ECFD48 /* CoreDataManager.swift in Sources */,
				AF973E932328FE4000973246 /* FollowerListViewModel.swift in Sources */,
				AF973E8A2328F17600973246 /* Coordinator.swift in Sources */,
				AF973E8C2328F19D00973246 /* ApplicationCoordinator.swift in Sources */,
				AF973E9B2329135700973246 /* MessagingViewController.swift in Sources */,
				AFB32F5F232A035E007C15BF /* Reusable.swift in Sources */,
				AFB32F6C232A1425007C15BF /* UIImageView+Download.swift in Sources */,
				AFE8004E23293ED400341764 /* GenericAPIClient.swift in Sources */,
				AFC01494232A8666008C54A3 /* UITextView+Placeholder.swift in Sources */,
				AF973EA2232915BE00973246 /* MessagingCoordinator.swift in Sources */,
				AF38C8AA232BAD94005C55D9 /* UIViewController+NavigationBar.swift in Sources */,
				AF76A489232D603D00190E67 /* UITableView+Scrolling.swift in Sources */,
				AFB32F65232A0568007C15BF /* FollowerTableViewCell.swift in Sources */,
				AF38C8A8232B823F005C55D9 /* Message.swift in Sources */,
				AFED5727232E79060003E930 /* MessageStorage.swift in Sources */,
				AF973E8E2328F29F00973246 /* FollowerListCoordinator.swift in Sources */,
				AF97EFA8232E48AE00ECFD48 /* GitHubDM.xcdatamodeld in Sources */,
				AFED5725232E78080003E930 /* CoreDataError.swift in Sources */,
				AF973E982329050000973246 /* User.swift in Sources */,
				AFB32F68232A0613007C15BF /* FollowerTableViewCellViewModel.swift in Sources */,
				AF38C89E232B474E005C55D9 /* MessageTableViewCellViewModel.swift in Sources */,
				AFE8004D23293ED400341764 /* APIError.swift in Sources */,
			);
			runOnlyForDeploymentPostprocessing = 0;
		};
/* End PBXSourcesBuildPhase section */

/* Begin PBXVariantGroup section */
		AFE1E9E62328EC6A004913FD /* LaunchScreen.storyboard */ = {
			isa = PBXVariantGroup;
			children = (
				AFE1E9E72328EC6A004913FD /* Base */,
			);
			name = LaunchScreen.storyboard;
			sourceTree = "<group>";
		};
/* End PBXVariantGroup section */

/* Begin XCBuildConfiguration section */
		AFE1E9EA2328EC6A004913FD /* Debug */ = {
			isa = XCBuildConfiguration;
			buildSettings = {
				ALWAYS_SEARCH_USER_PATHS = NO;
				CLANG_ANALYZER_NONNULL = YES;
				CLANG_ANALYZER_NUMBER_OBJECT_CONVERSION = YES_AGGRESSIVE;
				CLANG_CXX_LANGUAGE_STANDARD = "gnu++14";
				CLANG_CXX_LIBRARY = "libc++";
				CLANG_ENABLE_MODULES = YES;
				CLANG_ENABLE_OBJC_ARC = YES;
				CLANG_ENABLE_OBJC_WEAK = YES;
				CLANG_WARN_BLOCK_CAPTURE_AUTORELEASING = YES;
				CLANG_WARN_BOOL_CONVERSION = YES;
				CLANG_WARN_COMMA = YES;
				CLANG_WARN_CONSTANT_CONVERSION = YES;
				CLANG_WARN_DEPRECATED_OBJC_IMPLEMENTATIONS = YES;
				CLANG_WARN_DIRECT_OBJC_ISA_USAGE = YES_ERROR;
				CLANG_WARN_DOCUMENTATION_COMMENTS = YES;
				CLANG_WARN_EMPTY_BODY = YES;
				CLANG_WARN_ENUM_CONVERSION = YES;
				CLANG_WARN_INFINITE_RECURSION = YES;
				CLANG_WARN_INT_CONVERSION = YES;
				CLANG_WARN_NON_LITERAL_NULL_CONVERSION = YES;
				CLANG_WARN_OBJC_IMPLICIT_RETAIN_SELF = YES;
				CLANG_WARN_OBJC_LITERAL_CONVERSION = YES;
				CLANG_WARN_OBJC_ROOT_CLASS = YES_ERROR;
				CLANG_WARN_RANGE_LOOP_ANALYSIS = YES;
				CLANG_WARN_STRICT_PROTOTYPES = YES;
				CLANG_WARN_SUSPICIOUS_MOVE = YES;
				CLANG_WARN_UNGUARDED_AVAILABILITY = YES_AGGRESSIVE;
				CLANG_WARN_UNREACHABLE_CODE = YES;
				CLANG_WARN__DUPLICATE_METHOD_MATCH = YES;
				CODE_SIGN_IDENTITY = "iPhone Developer";
				COPY_PHASE_STRIP = NO;
				DEBUG_INFORMATION_FORMAT = dwarf;
				ENABLE_STRICT_OBJC_MSGSEND = YES;
				ENABLE_TESTABILITY = YES;
				GCC_C_LANGUAGE_STANDARD = gnu11;
				GCC_DYNAMIC_NO_PIC = NO;
				GCC_NO_COMMON_BLOCKS = YES;
				GCC_OPTIMIZATION_LEVEL = 0;
				GCC_PREPROCESSOR_DEFINITIONS = (
					"DEBUG=1",
					"$(inherited)",
				);
				GCC_WARN_64_TO_32_BIT_CONVERSION = YES;
				GCC_WARN_ABOUT_RETURN_TYPE = YES_ERROR;
				GCC_WARN_UNDECLARED_SELECTOR = YES;
				GCC_WARN_UNINITIALIZED_AUTOS = YES_AGGRESSIVE;
				GCC_WARN_UNUSED_FUNCTION = YES;
				GCC_WARN_UNUSED_VARIABLE = YES;
				IPHONEOS_DEPLOYMENT_TARGET = 12.4;
				MTL_ENABLE_DEBUG_INFO = INCLUDE_SOURCE;
				MTL_FAST_MATH = YES;
				ONLY_ACTIVE_ARCH = YES;
				SDKROOT = iphoneos;
				SWIFT_ACTIVE_COMPILATION_CONDITIONS = DEBUG;
				SWIFT_OPTIMIZATION_LEVEL = "-Onone";
			};
			name = Debug;
		};
		AFE1E9EB2328EC6A004913FD /* Release */ = {
			isa = XCBuildConfiguration;
			buildSettings = {
				ALWAYS_SEARCH_USER_PATHS = NO;
				CLANG_ANALYZER_NONNULL = YES;
				CLANG_ANALYZER_NUMBER_OBJECT_CONVERSION = YES_AGGRESSIVE;
				CLANG_CXX_LANGUAGE_STANDARD = "gnu++14";
				CLANG_CXX_LIBRARY = "libc++";
				CLANG_ENABLE_MODULES = YES;
				CLANG_ENABLE_OBJC_ARC = YES;
				CLANG_ENABLE_OBJC_WEAK = YES;
				CLANG_WARN_BLOCK_CAPTURE_AUTORELEASING = YES;
				CLANG_WARN_BOOL_CONVERSION = YES;
				CLANG_WARN_COMMA = YES;
				CLANG_WARN_CONSTANT_CONVERSION = YES;
				CLANG_WARN_DEPRECATED_OBJC_IMPLEMENTATIONS = YES;
				CLANG_WARN_DIRECT_OBJC_ISA_USAGE = YES_ERROR;
				CLANG_WARN_DOCUMENTATION_COMMENTS = YES;
				CLANG_WARN_EMPTY_BODY = YES;
				CLANG_WARN_ENUM_CONVERSION = YES;
				CLANG_WARN_INFINITE_RECURSION = YES;
				CLANG_WARN_INT_CONVERSION = YES;
				CLANG_WARN_NON_LITERAL_NULL_CONVERSION = YES;
				CLANG_WARN_OBJC_IMPLICIT_RETAIN_SELF = YES;
				CLANG_WARN_OBJC_LITERAL_CONVERSION = YES;
				CLANG_WARN_OBJC_ROOT_CLASS = YES_ERROR;
				CLANG_WARN_RANGE_LOOP_ANALYSIS = YES;
				CLANG_WARN_STRICT_PROTOTYPES = YES;
				CLANG_WARN_SUSPICIOUS_MOVE = YES;
				CLANG_WARN_UNGUARDED_AVAILABILITY = YES_AGGRESSIVE;
				CLANG_WARN_UNREACHABLE_CODE = YES;
				CLANG_WARN__DUPLICATE_METHOD_MATCH = YES;
				CODE_SIGN_IDENTITY = "iPhone Developer";
				COPY_PHASE_STRIP = NO;
				DEBUG_INFORMATION_FORMAT = "dwarf-with-dsym";
				ENABLE_NS_ASSERTIONS = NO;
				ENABLE_STRICT_OBJC_MSGSEND = YES;
				GCC_C_LANGUAGE_STANDARD = gnu11;
				GCC_NO_COMMON_BLOCKS = YES;
				GCC_WARN_64_TO_32_BIT_CONVERSION = YES;
				GCC_WARN_ABOUT_RETURN_TYPE = YES_ERROR;
				GCC_WARN_UNDECLARED_SELECTOR = YES;
				GCC_WARN_UNINITIALIZED_AUTOS = YES_AGGRESSIVE;
				GCC_WARN_UNUSED_FUNCTION = YES;
				GCC_WARN_UNUSED_VARIABLE = YES;
				IPHONEOS_DEPLOYMENT_TARGET = 12.4;
				MTL_ENABLE_DEBUG_INFO = NO;
				MTL_FAST_MATH = YES;
				SDKROOT = iphoneos;
				SWIFT_COMPILATION_MODE = wholemodule;
				SWIFT_OPTIMIZATION_LEVEL = "-O";
				VALIDATE_PRODUCT = YES;
			};
			name = Release;
		};
		AFE1E9ED2328EC6A004913FD /* Debug */ = {
			isa = XCBuildConfiguration;
			buildSettings = {
				ASSETCATALOG_COMPILER_APPICON_NAME = AppIcon;
				CODE_SIGN_STYLE = Automatic;
				DEVELOPMENT_TEAM = P9N6Y48D77;
				INFOPLIST_FILE = "$(SRCROOT)/GitHubDM/Resources/Info.plist";
				LD_RUNPATH_SEARCH_PATHS = (
					"$(inherited)",
					"@executable_path/Frameworks",
				);
				PRODUCT_BUNDLE_IDENTIFIER = com.nayem.GitHubDM;
				PRODUCT_NAME = "$(TARGET_NAME)";
				SWIFT_VERSION = 5.0;
				TARGETED_DEVICE_FAMILY = "1,2";
			};
			name = Debug;
		};
		AFE1E9EE2328EC6A004913FD /* Release */ = {
			isa = XCBuildConfiguration;
			buildSettings = {
				ASSETCATALOG_COMPILER_APPICON_NAME = AppIcon;
				CODE_SIGN_STYLE = Automatic;
				DEVELOPMENT_TEAM = P9N6Y48D77;
				INFOPLIST_FILE = "$(SRCROOT)/GitHubDM/Resources/Info.plist";
				LD_RUNPATH_SEARCH_PATHS = (
					"$(inherited)",
					"@executable_path/Frameworks",
				);
				PRODUCT_BUNDLE_IDENTIFIER = com.nayem.GitHubDM;
				PRODUCT_NAME = "$(TARGET_NAME)";
				SWIFT_VERSION = 5.0;
				TARGETED_DEVICE_FAMILY = "1,2";
			};
			name = Release;
		};
/* End XCBuildConfiguration section */

/* Begin XCConfigurationList section */
		AFE1E9D52328EC69004913FD /* Build configuration list for PBXProject "GitHubDM" */ = {
			isa = XCConfigurationList;
			buildConfigurations = (
				AFE1E9EA2328EC6A004913FD /* Debug */,
				AFE1E9EB2328EC6A004913FD /* Release */,
			);
			defaultConfigurationIsVisible = 0;
			defaultConfigurationName = Release;
		};
		AFE1E9EC2328EC6A004913FD /* Build configuration list for PBXNativeTarget "GitHubDM" */ = {
			isa = XCConfigurationList;
			buildConfigurations = (
				AFE1E9ED2328EC6A004913FD /* Debug */,
				AFE1E9EE2328EC6A004913FD /* Release */,
			);
			defaultConfigurationIsVisible = 0;
			defaultConfigurationName = Release;
		};
/* End XCConfigurationList section */

/* Begin XCVersionGroup section */
		AF97EFA6232E48AE00ECFD48 /* GitHubDM.xcdatamodeld */ = {
			isa = XCVersionGroup;
			children = (
				AF97EFA7232E48AE00ECFD48 /* GitHubDM.xcdatamodel */,
			);
			currentVersion = AF97EFA7232E48AE00ECFD48 /* GitHubDM.xcdatamodel */;
			path = GitHubDM.xcdatamodeld;
			sourceTree = "<group>";
			versionGroupType = wrapper.xcdatamodel;
		};
/* End XCVersionGroup section */
	};
	rootObject = AFE1E9D22328EC69004913FD /* Project object */;
}
